
Microsoft Visual Studio Solution File, Format Version 12.00
# Visual Studio Version 16
VisualStudioVersion = 16.0.31605.320
MinimumVisualStudioVersion = 10.0.40219.1
Project("{9A19103F-16F7-4668-BE54-9A1E7A4F7556}") = "JitFilt_UART_Checker", "JitFilt_UART_Checker.csproj", "{F87880D7-240A-49B2-9C47-0BD6948B6D71}"
EndProject
Global
	GlobalSection(SolutionConfigurationPlatforms) = preSolution
		Debug|Any CPU = Debug|Any CPU
		Release|Any CPU = Release|Any CPU
	EndGlobalSection
	GlobalSection(ProjectConfigurationPlatforms) = postSolution
		{F87880D7-240A-49B2-9C47-0BD6948B6D71}.Debug|Any CPU.ActiveCfg = Debug|Any CPU
		{F87880D7-240A-49B2-9C47-0BD6948B6D71}.Debug|Any CPU.Build.0 = Debug|Any CPU
		{F87880D7-240A-49B2-9C47-0BD6948B6D71}.Release|Any CPU.ActiveCfg = Release|Any CPU
		{F87880D7-240A-49B2-9C47-0BD6948B6D71}.Release|Any CPU.Build.0 = Release|Any CPU
	EndGlobalSection
	GlobalSection(SolutionProperties) = preSolution
		HideSolutionNode = FALSE
	EndGlobalSection
	GlobalSection(ExtensibilityGlobals) = postSolution
		SolutionGuid = {5973A1D8-8D5C-4A8D-BB62-F5CB72F13128}
	EndGlobalSection
EndGlobal
